<?xml version="1.0" encoding="utf-8"?>
<Project xmlns="http://schemas.microsoft.com/developer/msbuild/2003">
  <ItemGroup>
    <Filter Include="Form Files">
      <UniqueIdentifier>{99349809-55BA-4b9d-BF79-8FDBB0286EB3}</UniqueIdentifier>
      <Extensions>ui</Extensions>
      <ParseFiles>false</ParseFiles>
    </Filter>
    <Filter Include="Form Files">
      <UniqueIdentifier>{99349809-55BA-4b9d-BF79-8FDBB0286EB3}</UniqueIdentifier>
      <Extensions>ui</Extensions>
      <ParseFiles>false</ParseFiles>
    </Filter>
    <Filter Include="Generated Files">
      <UniqueIdentifier>{71ED8ED8-ACB9-4CE9-BBE1-E00B30144E11}</UniqueIdentifier>
      <Extensions>cpp;c;cxx;moc;h;def;odl;idl;res;</Extensions>
    </Filter>
    <Filter Include="Generated Files">
      <UniqueIdentifier>{71ED8ED8-ACB9-4CE9-BBE1-E00B30144E11}</UniqueIdentifier>
      <Extensions>cpp;c;cxx;moc;h;def;odl;idl;res;</Extensions>
    </Filter>
    <Filter Include="Header Files">
      <UniqueIdentifier>{93995380-89BD-4b04-88EB-625FBE52EBFB}</UniqueIdentifier>
      <Extensions>h;hpp;hxx;hm;inl;inc;xsd</Extensions>
    </Filter>
    <Filter Include="Header Files">
      <UniqueIdentifier>{93995380-89BD-4b04-88EB-625FBE52EBFB}</UniqueIdentifier>
      <Extensions>h;hpp;hxx;hm;inl;inc;xsd</Extensions>
    </Filter>
    <Filter Include="Resource Files">
      <UniqueIdentifier>{D9D6E242-F8AF-46E4-B9FD-80ECBC20BA3E}</UniqueIdentifier>
      <Extensions>qrc;*</Extensions>
      <ParseFiles>false</ParseFiles>
    </Filter>
    <Filter Include="Resource Files">
      <UniqueIdentifier>{D9D6E242-F8AF-46E4-B9FD-80ECBC20BA3E}</UniqueIdentifier>
      <Extensions>qrc;*</Extensions>
      <ParseFiles>false</ParseFiles>
    </Filter>
    <Filter Include="Source Files">
      <UniqueIdentifier>{4FC737F1-C7A5-4376-A066-2A32D752A2FF}</UniqueIdentifier>
      <Extensions>cpp;c;cxx;def;odl;idl;hpj;bat;asm;asmx</Extensions>
    </Filter>
    <Filter Include="Source Files">
      <UniqueIdentifier>{4FC737F1-C7A5-4376-A066-2A32D752A2FF}</UniqueIdentifier>
      <Extensions>cpp;c;cxx;def;odl;idl;hpj;bat;asm;asmx</Extensions>
    </Filter>
  </ItemGroup>
  <ItemGroup>
    <ClCompile Include="frmmain.cpp">
      <Filter>Source Files</Filter>
    </ClCompile>
    <ClCompile Include="main.cpp">
      <Filter>Source Files</Filter>
    </ClCompile>
  </ItemGroup>
  <ItemGroup>
    <CustomBuild Include="frmmain.h">
      <Filter>Header Files</Filter>
    </CustomBuild>
    <ClInclude Include="head.h">
      <Filter>Header Files</Filter>
    </ClInclude>
  </ItemGroup>
  <ItemGroup>
    <ClCompile Include="debug\moc_frmmain.cpp">
      <Filter>Generated Files</Filter>
    </ClCompile>
    <ClCompile Include="release\moc_frmmain.cpp">
      <Filter>Generated Files</Filter>
    </ClCompile>
    <CustomBuild Include="debug\moc_predefs.h.cbt">
      <Filter>Generated Files</Filter>
    </CustomBuild>
    <CustomBuild Include="release\moc_predefs.h.cbt">
      <Filter>Generated Files</Filter>
    </CustomBuild>
    <ClCompile Include="debug\qrc_main.cpp">
      <Filter>Generated Files</Filter>
    </ClCompile>
    <ClCompile Include="release\qrc_main.cpp">
      <Filter>Generated Files</Filter>
    </ClCompile>
    <ClCompile Include="debug\qrc_qss.cpp">
      <Filter>Generated Files</Filter>
    </ClCompile>
    <ClCompile Include="release\qrc_qss.cpp">
      <Filter>Generated Files</Filter>
    </ClCompile>
    <ClInclude Include="ui_frmmain.h">
      <Filter>Generated Files</Filter>
    </ClInclude>
  </ItemGroup>
  <ItemGroup>
    <CustomBuild Include="frmmain.ui">
      <Filter>Form Files</Filter>
    </CustomBuild>
  </ItemGroup>
  <ItemGroup>
    <None Include="other\qss\flatwhite\add_bottom.png">
      <Filter>Resource Files</Filter>
    </None>
    <None Include="other\qss\lightblue\add_bottom.png">
      <Filter>Resource Files</Filter>
    </None>
    <None Include="other\qss\psblack\add_bottom.png">
      <Filter>Resource Files</Filter>
    </None>
    <None Include="other\qss\flatwhite\add_left.png">
      <Filter>Resource Files</Filter>
    </None>
    <None Include="other\qss\lightblue\add_left.png">
      <Filter>Resource Files</Filter>
    </None>
    <None Include="other\qss\psblack\add_left.png">
      <Filter>Resource Files</Filter>
    </None>
    <None Include="other\qss\flatwhite\add_right.png">
      <Filter>Resource Files</Filter>
    </None>
    <None Include="other\qss\lightblue\add_right.png">
      <Filter>Resource Files</Filter>
    </None>
    <None Include="other\qss\psblack\add_right.png">
      <Filter>Resource Files</Filter>
    </None>
    <None Include="other\qss\flatwhite\add_top.png">
      <Filter>Resource Files</Filter>
    </None>
    <None Include="other\qss\lightblue\add_top.png">
      <Filter>Resource Files</Filter>
    </None>
    <None Include="other\qss\psblack\add_top.png">
      <Filter>Resource Files</Filter>
    </None>
    <None Include="other\qss\flatwhite\branch_close.png">
      <Filter>Resource Files</Filter>
    </None>
    <None Include="other\qss\lightblue\branch_close.png">
      <Filter>Resource Files</Filter>
    </None>
    <None Include="other\qss\psblack\branch_close.png">
      <Filter>Resource Files</Filter>
    </None>
    <None Include="other\qss\flatwhite\branch_open.png">
      <Filter>Resource Files</Filter>
    </None>
    <None Include="other\qss\lightblue\branch_open.png">
      <Filter>Resource Files</Filter>
    </None>
    <None Include="other\qss\psblack\branch_open.png">
      <Filter>Resource Files</Filter>
    </None>
    <None Include="other\image\btn_close.png">
      <Filter>Resource Files</Filter>
    </None>
    <None Include="other\image\btn_ok.png">
      <Filter>Resource Files</Filter>
    </None>
    <None Include="other\qss\flatwhite\calendar_nextmonth.png">
      <Filter>Resource Files</Filter>
    </None>
    <None Include="other\qss\lightblue\calendar_nextmonth.png">
      <Filter>Resource Files</Filter>
    </None>
    <None Include="other\qss\psblack\calendar_nextmonth.png">
      <Filter>Resource Files</Filter>
    </None>
    <None Include="other\qss\flatwhite\calendar_prevmonth.png">
      <Filter>Resource Files</Filter>
    </None>
    <None Include="other\qss\lightblue\calendar_prevmonth.png">
      <Filter>Resource Files</Filter>
    </None>
    <None Include="other\qss\psblack\calendar_prevmonth.png">
      <Filter>Resource Files</Filter>
    </None>
    <None Include="other\qss\flatwhite\checkbox_checked.png">
      <Filter>Resource Files</Filter>
    </None>
    <None Include="other\qss\lightblue\checkbox_checked.png">
      <Filter>Resource Files</Filter>
    </None>
    <None Include="other\qss\psblack\checkbox_checked.png">
      <Filter>Resource Files</Filter>
    </None>
    <None Include="other\qss\flatwhite\checkbox_checked_disable.png">
      <Filter>Resource Files</Filter>
    </None>
    <None Include="other\qss\lightblue\checkbox_checked_disable.png">
      <Filter>Resource Files</Filter>
    </None>
    <None Include="other\qss\psblack\checkbox_checked_disable.png">
      <Filter>Resource Files</Filter>
    </None>
    <None Include="other\qss\flatwhite\checkbox_parcial.png">
      <Filter>Resource Files</Filter>
    </None>
    <None Include="other\qss\lightblue\checkbox_parcial.png">
      <Filter>Resource Files</Filter>
    </None>
    <None Include="other\qss\psblack\checkbox_parcial.png">
      <Filter>Resource Files</Filter>
    </None>
    <None Include="other\qss\flatwhite\checkbox_parcial_disable.png">
      <Filter>Resource Files</Filter>
    </None>
    <None Include="other\qss\lightblue\checkbox_parcial_disable.png">
      <Filter>Resource Files</Filter>
    </None>
    <None Include="other\qss\psblack\checkbox_parcial_disable.png">
      <Filter>Resource Files</Filter>
    </None>
    <None Include="other\qss\flatwhite\checkbox_unchecked.png">
      <Filter>Resource Files</Filter>
    </None>
    <None Include="other\qss\lightblue\checkbox_unchecked.png">
      <Filter>Resource Files</Filter>
    </None>
    <None Include="other\qss\psblack\checkbox_unchecked.png">
      <Filter>Resource Files</Filter>
    </None>
    <None Include="other\qss\flatwhite\checkbox_unchecked_disable.png">
      <Filter>Resource Files</Filter>
    </None>
    <None Include="other\qss\lightblue\checkbox_unchecked_disable.png">
      <Filter>Resource Files</Filter>
    </None>
    <None Include="other\qss\psblack\checkbox_unchecked_disable.png">
      <Filter>Resource Files</Filter>
    </None>
    <None Include="other\qss\flatwhite.css">
      <Filter>Resource Files</Filter>
    </None>
    <None Include="other\image\fontawesome-webfont.ttf">
      <Filter>Resource Files</Filter>
    </None>
    <None Include="other\qss\lightblue.css">
      <Filter>Resource Files</Filter>
    </None>
    <CustomBuild Include="other\main.qrc">
      <Filter>Resource Files</Filter>
    </CustomBuild>
    <None Include="other\image\msg_error.png">
      <Filter>Resource Files</Filter>
    </None>
    <None Include="other\image\msg_info.png">
      <Filter>Resource Files</Filter>
    </None>
    <None Include="other\image\msg_question.png">
      <Filter>Resource Files</Filter>
    </None>
    <None Include="other\qss\psblack.css">
      <Filter>Resource Files</Filter>
    </None>
    <CustomBuild Include="other\qss.qrc">
      <Filter>Resource Files</Filter>
    </CustomBuild>
    <None Include="other\image\qt_zh_CN.qm">
      <Filter>Resource Files</Filter>
    </None>
    <None Include="other\qss\flatwhite\radiobutton_checked.png">
      <Filter>Resource Files</Filter>
    </None>
    <None Include="other\qss\lightblue\radiobutton_checked.png">
      <Filter>Resource Files</Filter>
    </None>
    <None Include="other\qss\psblack\radiobutton_checked.png">
      <Filter>Resource Files</Filter>
    </None>
    <None Include="other\qss\flatwhite\radiobutton_checked_disable.png">
      <Filter>Resource Files</Filter>
    </None>
    <None Include="other\qss\lightblue\radiobutton_checked_disable.png">
      <Filter>Resource Files</Filter>
    </None>
    <None Include="other\qss\psblack\radiobutton_checked_disable.png">
      <Filter>Resource Files</Filter>
    </None>
    <None Include="other\qss\flatwhite\radiobutton_unchecked.png">
      <Filter>Resource Files</Filter>
    </None>
    <None Include="other\qss\lightblue\radiobutton_unchecked.png">
      <Filter>Resource Files</Filter>
    </None>
    <None Include="other\qss\psblack\radiobutton_unchecked.png">
      <Filter>Resource Files</Filter>
    </None>
    <None Include="other\qss\flatwhite\radiobutton_unchecked_disable.png">
      <Filter>Resource Files</Filter>
    </None>
    <None Include="other\qss\lightblue\radiobutton_unchecked_disable.png">
      <Filter>Resource Files</Filter>
    </None>
    <None Include="other\qss\psblack\radiobutton_unchecked_disable.png">
      <Filter>Resource Files</Filter>
    </None>
    <None Include="other\image\widgets.qm">
      <Filter>Resource Files</Filter>
    </None>
  </ItemGroup>
</Project>