<?xml version="1.0" encoding="utf-8"?>
<Project xmlns="http://schemas.microsoft.com/developer/msbuild/2003">
  <ItemGroup>
    <Filter Include="Form Files">
      <UniqueIdentifier>{99349809-55BA-4b9d-BF79-8FDBB0286EB3}</UniqueIdentifier>
      <Extensions>ui</Extensions>
      <ParseFiles>false</ParseFiles>
    </Filter>
    <Filter Include="Form Files">
      <UniqueIdentifier>{99349809-55BA-4b9d-BF79-8FDBB0286EB3}</UniqueIdentifier>
      <Extensions>ui</Extensions>
      <ParseFiles>false</ParseFiles>
    </Filter>
    <Filter Include="Generated Files">
      <UniqueIdentifier>{71ED8ED8-ACB9-4CE9-BBE1-E00B30144E11}</UniqueIdentifier>
      <Extensions>cpp;c;cxx;moc;h;def;odl;idl;res;</Extensions>
    </Filter>
    <Filter Include="Generated Files">
      <UniqueIdentifier>{71ED8ED8-ACB9-4CE9-BBE1-E00B30144E11}</UniqueIdentifier>
      <Extensions>cpp;c;cxx;moc;h;def;odl;idl;res;</Extensions>
    </Filter>
    <Filter Include="Header Files">
      <UniqueIdentifier>{93995380-89BD-4b04-88EB-625FBE52EBFB}</UniqueIdentifier>
      <Extensions>h;hpp;hxx;hm;inl;inc;xsd</Extensions>
    </Filter>
    <Filter Include="Header Files">
      <UniqueIdentifier>{93995380-89BD-4b04-88EB-625FBE52EBFB}</UniqueIdentifier>
      <Extensions>h;hpp;hxx;hm;inl;inc;xsd</Extensions>
    </Filter>
    <Filter Include="Resource Files">
      <UniqueIdentifier>{D9D6E242-F8AF-46E4-B9FD-80ECBC20BA3E}</UniqueIdentifier>
      <Extensions>qrc;*</Extensions>
      <ParseFiles>false</ParseFiles>
    </Filter>
    <Filter Include="Resource Files">
      <UniqueIdentifier>{D9D6E242-F8AF-46E4-B9FD-80ECBC20BA3E}</UniqueIdentifier>
      <Extensions>qrc;*</Extensions>
      <ParseFiles>false</ParseFiles>
    </Filter>
    <Filter Include="Source Files">
      <UniqueIdentifier>{4FC737F1-C7A5-4376-A066-2A32D752A2FF}</UniqueIdentifier>
      <Extensions>cpp;c;cxx;def;odl;idl;hpj;bat;asm;asmx</Extensions>
    </Filter>
    <Filter Include="Source Files">
      <UniqueIdentifier>{4FC737F1-C7A5-4376-A066-2A32D752A2FF}</UniqueIdentifier>
      <Extensions>cpp;c;cxx;def;odl;idl;hpj;bat;asm;asmx</Extensions>
    </Filter>
  </ItemGroup>
  <ItemGroup>
    <ClCompile Include="api\appconfig.cpp">
      <Filter>Source Files</Filter>
    </ClCompile>
    <ClCompile Include="..\core_qui\base64helper.cpp">
      <Filter>Source Files</Filter>
    </ClCompile>
    <ClCompile Include="form\frmmain.cpp">
      <Filter>Source Files</Filter>
    </ClCompile>
    <ClCompile Include="..\core_qui\iconhelper.cpp">
      <Filter>Source Files</Filter>
    </ClCompile>
    <ClCompile Include="main.cpp">
      <Filter>Source Files</Filter>
    </ClCompile>
    <ClCompile Include="..\core_qui\quiconfig.cpp">
      <Filter>Source Files</Filter>
    </ClCompile>
    <ClCompile Include="..\core_qui\quidateselect.cpp">
      <Filter>Source Files</Filter>
    </ClCompile>
    <ClCompile Include="..\core_qui\quihelper.cpp">
      <Filter>Source Files</Filter>
    </ClCompile>
    <ClCompile Include="..\core_qui\quiinputbox.cpp">
      <Filter>Source Files</Filter>
    </ClCompile>
    <ClCompile Include="..\core_qui\quimessagebox.cpp">
      <Filter>Source Files</Filter>
    </ClCompile>
    <ClCompile Include="..\core_qui\quistyle.cpp">
      <Filter>Source Files</Filter>
    </ClCompile>
    <ClCompile Include="..\core_qui\quitipbox.cpp">
      <Filter>Source Files</Filter>
    </ClCompile>
    <ClCompile Include="..\core_qui\quiwidget.cpp">
      <Filter>Source Files</Filter>
    </ClCompile>
    <ClCompile Include="api\tcpserver1.cpp">
      <Filter>Source Files</Filter>
    </ClCompile>
    <ClCompile Include="api\tcpserver2.cpp">
      <Filter>Source Files</Filter>
    </ClCompile>
  </ItemGroup>
  <ItemGroup>
    <ClInclude Include="api\appconfig.h">
      <Filter>Header Files</Filter>
    </ClInclude>
    <ClInclude Include="..\core_qui\base64helper.h">
      <Filter>Header Files</Filter>
    </ClInclude>
    <CustomBuild Include="form\frmmain.h">
      <Filter>Header Files</Filter>
    </CustomBuild>
    <ClInclude Include="head.h">
      <Filter>Header Files</Filter>
    </ClInclude>
    <CustomBuild Include="..\core_qui\iconhelper.h">
      <Filter>Header Files</Filter>
    </CustomBuild>
    <ClInclude Include="..\core_qui\quiconfig.h">
      <Filter>Header Files</Filter>
    </ClInclude>
    <CustomBuild Include="..\core_qui\quidateselect.h">
      <Filter>Header Files</Filter>
    </CustomBuild>
    <ClInclude Include="..\core_qui\quihead.h">
      <Filter>Header Files</Filter>
    </ClInclude>
    <ClInclude Include="..\core_qui\quihelper.h">
      <Filter>Header Files</Filter>
    </ClInclude>
    <CustomBuild Include="..\core_qui\quiinputbox.h">
      <Filter>Header Files</Filter>
    </CustomBuild>
    <CustomBuild Include="..\core_qui\quimessagebox.h">
      <Filter>Header Files</Filter>
    </CustomBuild>
    <ClInclude Include="..\core_qui\quistyle.h">
      <Filter>Header Files</Filter>
    </ClInclude>
    <CustomBuild Include="..\core_qui\quitipbox.h">
      <Filter>Header Files</Filter>
    </CustomBuild>
    <CustomBuild Include="..\core_qui\quiwidget.h">
      <Filter>Header Files</Filter>
    </CustomBuild>
    <CustomBuild Include="api\tcpserver1.h">
      <Filter>Header Files</Filter>
    </CustomBuild>
    <CustomBuild Include="api\tcpserver2.h">
      <Filter>Header Files</Filter>
    </CustomBuild>
  </ItemGroup>
  <ItemGroup>
    <ClCompile Include="temp\moc\moc_frmmain.cpp">
      <Filter>Generated Files</Filter>
    </ClCompile>
    <ClCompile Include="temp\moc\moc_iconhelper.cpp">
      <Filter>Generated Files</Filter>
    </ClCompile>
    <CustomBuild Include="temp\moc\moc_predefs.h.cbt">
      <Filter>Generated Files</Filter>
    </CustomBuild>
    <ClCompile Include="temp\moc\moc_quidateselect.cpp">
      <Filter>Generated Files</Filter>
    </ClCompile>
    <ClCompile Include="temp\moc\moc_quiinputbox.cpp">
      <Filter>Generated Files</Filter>
    </ClCompile>
    <ClCompile Include="temp\moc\moc_quimessagebox.cpp">
      <Filter>Generated Files</Filter>
    </ClCompile>
    <ClCompile Include="temp\moc\moc_quitipbox.cpp">
      <Filter>Generated Files</Filter>
    </ClCompile>
    <ClCompile Include="temp\moc\moc_quiwidget.cpp">
      <Filter>Generated Files</Filter>
    </ClCompile>
    <ClCompile Include="temp\moc\moc_tcpserver1.cpp">
      <Filter>Generated Files</Filter>
    </ClCompile>
    <ClCompile Include="temp\moc\moc_tcpserver2.cpp">
      <Filter>Generated Files</Filter>
    </ClCompile>
    <ClCompile Include="temp\rcc\qrc_main.cpp">
      <Filter>Generated Files</Filter>
    </ClCompile>
    <ClCompile Include="temp\rcc\qrc_qm.cpp">
      <Filter>Generated Files</Filter>
    </ClCompile>
    <ClCompile Include="temp\rcc\qrc_ttf.cpp">
      <Filter>Generated Files</Filter>
    </ClCompile>
    <ClInclude Include="temp\ui\ui_frmmain.h">
      <Filter>Generated Files</Filter>
    </ClInclude>
  </ItemGroup>
  <ItemGroup>
    <CustomBuild Include="form\frmmain.ui">
      <Filter>Form Files</Filter>
    </CustomBuild>
  </ItemGroup>
  <ItemGroup>
    <None Include="..\core_qui\resource\image\fontawesome-webfont.ttf">
      <Filter>Resource Files</Filter>
    </None>
    <None Include="..\core_qui\resource\image\iconfont.ttf">
      <Filter>Resource Files</Filter>
    </None>
    <None Include="other\main.ico">
      <Filter>Resource Files</Filter>
    </None>
    <CustomBuild Include="other\main.qrc">
      <Filter>Resource Files</Filter>
    </CustomBuild>
    <CustomBuild Include="..\core_qui\resource\qm.qrc">
      <Filter>Resource Files</Filter>
    </CustomBuild>
    <None Include="..\core_qui\resource\image\qt_zh_CN.qm">
      <Filter>Resource Files</Filter>
    </None>
    <CustomBuild Include="..\core_qui\resource\ttf.qrc">
      <Filter>Resource Files</Filter>
    </CustomBuild>
    <None Include="..\core_qui\resource\image\widgets.qm">
      <Filter>Resource Files</Filter>
    </None>
  </ItemGroup>
  <ItemGroup>
    <ResourceCompile Include="other\main.rc" />
  </ItemGroup>
</Project>